
Microsoft Visual Studio Solution File, Format Version 12.00
# Visual Studio Version 17
VisualStudioVersion = 17.11.35312.102
MinimumVisualStudioVersion = 10.0.40219.1
Project("{FAE04EC0-301F-11D3-BF4B-00C04F79EFBC}") = "Foosify.Api", "Foosify.Api\Foosify.Api.csproj", "{D36C4AB7-EE16-44A7-9DF8-107E29C7A3BD}"
EndProject
Global
	GlobalSection(SolutionConfigurationPlatforms) = preSolution
		Debug|Any CPU = Debug|Any CPU
		Release|Any CPU = Release|Any CPU
	EndGlobalSection
	GlobalSection(ProjectConfigurationPlatforms) = postSolution
		{D36C4AB7-EE16-44A7-9DF8-107E29C7A3BD}.Debug|Any CPU.ActiveCfg = Debug|Any CPU
		{D36C4AB7-EE16-44A7-9DF8-107E29C7A3BD}.Debug|Any CPU.Build.0 = Debug|Any CPU
		{D36C4AB7-EE16-44A7-9DF8-107E29C7A3BD}.Release|Any CPU.ActiveCfg = Release|Any CPU
		{D36C4AB7-EE16-44A7-9DF8-107E29C7A3BD}.Release|Any CPU.Build.0 = Release|Any CPU
	EndGlobalSection
	GlobalSection(SolutionProperties) = preSolution
		HideSolutionNode = FALSE
	EndGlobalSection
	GlobalSection(ExtensibilityGlobals) = postSolution
		SolutionGuid = {7ECD4ACB-8B18-4089-963A-768EA91EA9D0}
	EndGlobalSection
EndGlobal
