
Microsoft Visual Studio Solution File, Format Version 12.00
# Visual Studio Version 17
VisualStudioVersion = 17.11.35312.102
MinimumVisualStudioVersion = 10.0.40219.1
Project("{FAE04EC0-301F-11D3-BF4B-00C04F79EFBC}") = "FoosballProLeague.Api", "FoosballProLeague.Api\FoosballProLeague.Api.csproj", "{9DC002EA-41E5-4F7D-AEAD-6F252B151962}"
EndProject
Global
	GlobalSection(SolutionConfigurationPlatforms) = preSolution
		Debug|Any CPU = Debug|Any CPU
		Release|Any CPU = Release|Any CPU
	EndGlobalSection
	GlobalSection(ProjectConfigurationPlatforms) = postSolution
		{9DC002EA-41E5-4F7D-AEAD-6F252B151962}.Debug|Any CPU.ActiveCfg = Debug|Any CPU
		{9DC002EA-41E5-4F7D-AEAD-6F252B151962}.Debug|Any CPU.Build.0 = Debug|Any CPU
		{9DC002EA-41E5-4F7D-AEAD-6F252B151962}.Release|Any CPU.ActiveCfg = Release|Any CPU
		{9DC002EA-41E5-4F7D-AEAD-6F252B151962}.Release|Any CPU.Build.0 = Release|Any CPU
	EndGlobalSection
	GlobalSection(SolutionProperties) = preSolution
		HideSolutionNode = FALSE
	EndGlobalSection
	GlobalSection(ExtensibilityGlobals) = postSolution
		SolutionGuid = {0E1EF722-C27C-4B3D-B846-57A01C66D1C0}
	EndGlobalSection
EndGlobal
